
Microsoft Visual Studio Solution File, Format Version 12.00
# Visual Studio Version 17
VisualStudioVersion = 17.0.31903.59
MinimumVisualStudioVersion = 10.0.40219.1
Project("{FAE04EC0-301F-11D3-BF4B-00C04F79EFBC}") = "WPF-Game-SaveLetters", "WPF-Game-SaveLetters.csproj", "{73A50CB2-2F2E-43CB-A39D-1BEE8DFE9277}"
EndProject
Global
	GlobalSection(SolutionConfigurationPlatforms) = preSolution
		Debug|Any CPU = Debug|Any CPU
		Release|Any CPU = Release|Any CPU
	EndGlobalSection
	GlobalSection(ProjectConfigurationPlatforms) = postSolution
		{73A50CB2-2F2E-43CB-A39D-1BEE8DFE9277}.Debug|Any CPU.ActiveCfg = Debug|Any CPU
		{73A50CB2-2F2E-43CB-A39D-1BEE8DFE9277}.Debug|Any CPU.Build.0 = Debug|Any CPU
		{73A50CB2-2F2E-43CB-A39D-1BEE8DFE9277}.Release|Any CPU.ActiveCfg = Release|Any CPU
		{73A50CB2-2F2E-43CB-A39D-1BEE8DFE9277}.Release|Any CPU.Build.0 = Release|Any CPU
	EndGlobalSection
	GlobalSection(SolutionProperties) = preSolution
		HideSolutionNode = FALSE
	EndGlobalSection
	GlobalSection(ExtensibilityGlobals) = postSolution
		SolutionGuid = {DA602EDA-2A20-4798-9FBC-90AEDCBDCA90}
	EndGlobalSection
EndGlobal
